Microsoft Visual Studio Solution File, Format Version 12.00
# Visual Studio 15
VisualStudioVersion = 15.0.27428.2037
MinimumVisualStudioVersion = 10.0.40219.1
Project("{6EC3EE1D-3C4E-46DD-8F32-0CC8E7565705}") = "Vaughan", "Vaughan/Vaughan.fsproj", "{675750F0-C479-4274-B47B-00DADB6096EF}"
EndProject
Project("{6EC3EE1D-3C4E-46DD-8F32-0CC8E7565705}") = "VaughanTests", "VaughanTests/VaughanTests.fsproj", "{95DFF539-C1B0-487A-A6E4-F0CD70D2FF32}"
EndProject
Project("{6EC3EE1D-3C4E-46DD-8F32-0CC8E7565705}") = "VaughanCli", "VaughanCli/VaughanCli.fsproj", "{5C9D03B5-5EF2-4BB3-AC39-952C7A4D73FD}"
EndProject
Global
	GlobalSection(SolutionConfigurationPlatforms) = preSolution
		Debug|Any CPU = Debug|Any CPU
		Debug|x64 = Debug|x64
		Debug|x86 = Debug|x86
		Release|Any CPU = Release|Any CPU
		Release|x64 = Release|x64
		Release|x86 = Release|x86
	EndGlobalSection
	GlobalSection(ProjectConfigurationPlatforms) = postSolution
		{675750F0-C479-4274-B47B-00DADB6096EF}.Debug|Any CPU.ActiveCfg = Debug|Any CPU
		{675750F0-C479-4274-B47B-00DADB6096EF}.Debug|Any CPU.Build.0 = Debug|Any CPU
		{675750F0-C479-4274-B47B-00DADB6096EF}.Debug|x64.ActiveCfg = Debug|Any CPU
		{675750F0-C479-4274-B47B-00DADB6096EF}.Debug|x64.Build.0 = Debug|Any CPU
		{675750F0-C479-4274-B47B-00DADB6096EF}.Debug|x86.ActiveCfg = Debug|Any CPU
		{675750F0-C479-4274-B47B-00DADB6096EF}.Debug|x86.Build.0 = Debug|Any CPU
		{675750F0-C479-4274-B47B-00DADB6096EF}.Release|Any CPU.ActiveCfg = Release|Any CPU
		{675750F0-C479-4274-B47B-00DADB6096EF}.Release|Any CPU.Build.0 = Release|Any CPU
		{675750F0-C479-4274-B47B-00DADB6096EF}.Release|x64.ActiveCfg = Release|Any CPU
		{675750F0-C479-4274-B47B-00DADB6096EF}.Release|x64.Build.0 = Release|Any CPU
		{675750F0-C479-4274-B47B-00DADB6096EF}.Release|x86.ActiveCfg = Release|Any CPU
		{675750F0-C479-4274-B47B-00DADB6096EF}.Release|x86.Build.0 = Release|Any CPU
		{95DFF539-C1B0-487A-A6E4-F0CD70D2FF32}.Debug|Any CPU.ActiveCfg = Debug|Any CPU
		{95DFF539-C1B0-487A-A6E4-F0CD70D2FF32}.Debug|Any CPU.Build.0 = Debug|Any CPU
		{95DFF539-C1B0-487A-A6E4-F0CD70D2FF32}.Debug|x64.ActiveCfg = Debug|Any CPU
		{95DFF539-C1B0-487A-A6E4-F0CD70D2FF32}.Debug|x64.Build.0 = Debug|Any CPU
		{95DFF539-C1B0-487A-A6E4-F0CD70D2FF32}.Debug|x86.ActiveCfg = Debug|Any CPU
		{95DFF539-C1B0-487A-A6E4-F0CD70D2FF32}.Debug|x86.Build.0 = Debug|Any CPU
		{95DFF539-C1B0-487A-A6E4-F0CD70D2FF32}.Release|Any CPU.ActiveCfg = Release|Any CPU
		{95DFF539-C1B0-487A-A6E4-F0CD70D2FF32}.Release|Any CPU.Build.0 = Release|Any CPU
		{95DFF539-C1B0-487A-A6E4-F0CD70D2FF32}.Release|x64.ActiveCfg = Release|Any CPU
		{95DFF539-C1B0-487A-A6E4-F0CD70D2FF32}.Release|x64.Build.0 = Release|Any CPU
		{95DFF539-C1B0-487A-A6E4-F0CD70D2FF32}.Release|x86.ActiveCfg = Release|Any CPU
		{95DFF539-C1B0-487A-A6E4-F0CD70D2FF32}.Release|x86.Build.0 = Release|Any CPU
		{5C9D03B5-5EF2-4BB3-AC39-952C7A4D73FD}.Debug|Any CPU.ActiveCfg = Debug|Any CPU
		{5C9D03B5-5EF2-4BB3-AC39-952C7A4D73FD}.Debug|Any CPU.Build.0 = Debug|Any CPU
		{5C9D03B5-5EF2-4BB3-AC39-952C7A4D73FD}.Debug|x64.ActiveCfg = Debug|Any CPU
		{5C9D03B5-5EF2-4BB3-AC39-952C7A4D73FD}.Debug|x64.Build.0 = Debug|Any CPU
		{5C9D03B5-5EF2-4BB3-AC39-952C7A4D73FD}.Debug|x86.ActiveCfg = Debug|Any CPU
		{5C9D03B5-5EF2-4BB3-AC39-952C7A4D73FD}.Debug|x86.Build.0 = Debug|Any CPU
		{5C9D03B5-5EF2-4BB3-AC39-952C7A4D73FD}.Release|Any CPU.ActiveCfg = Release|Any CPU
		{5C9D03B5-5EF2-4BB3-AC39-952C7A4D73FD}.Release|Any CPU.Build.0 = Release|Any CPU
		{5C9D03B5-5EF2-4BB3-AC39-952C7A4D73FD}.Release|x64.ActiveCfg = Release|Any CPU
		{5C9D03B5-5EF2-4BB3-AC39-952C7A4D73FD}.Release|x64.Build.0 = Release|Any CPU
		{5C9D03B5-5EF2-4BB3-AC39-952C7A4D73FD}.Release|x86.ActiveCfg = Release|Any CPU
		{5C9D03B5-5EF2-4BB3-AC39-952C7A4D73FD}.Release|x86.Build.0 = Release|Any CPU
	EndGlobalSection
	GlobalSection(SolutionProperties) = preSolution
		HideSolutionNode = FALSE
	EndGlobalSection
	GlobalSection(ExtensibilityGlobals) = postSolution
		SolutionGuid = {06D57068-7B1F-4BA2-978E-57FCF11CB38B}
	EndGlobalSection
EndGlobal
