
Microsoft Visual Studio Solution File, Format Version 12.00
# Visual Studio 15
VisualStudioVersion = 15.0.26124.0
MinimumVisualStudioVersion = 15.0.26124.0
Project("{2150E333-8FDC-42A3-9474-1A3956D46DE8}") = "src", "src", "{7A8153DE-819D-4D99-A391-85B80061D64A}"
EndProject
Project("{f2a71f9b-5d33-465a-a702-920d77279786}") = "Vaughan", "src\Vaughan\Vaughan.fsproj", "{4ADC04D6-9E8E-4CF4-899D-940ADCB23FA0}"
EndProject
Project("{f2a71f9b-5d33-465a-a702-920d77279786}") = "VaughanTests", "src\VaughanTests\VaughanTests.fsproj", "{EB67378C-D874-4262-97C6-515D07E81BE0}"
EndProject
Global
	GlobalSection(SolutionConfigurationPlatforms) = preSolution
		Debug|Any CPU = Debug|Any CPU
		Debug|x64 = Debug|x64
		Debug|x86 = Debug|x86
		Release|Any CPU = Release|Any CPU
		Release|x64 = Release|x64
		Release|x86 = Release|x86
	EndGlobalSection
	GlobalSection(SolutionProperties) = preSolution
		HideSolutionNode = FALSE
	EndGlobalSection
	GlobalSection(ProjectConfigurationPlatforms) = postSolution
		{4ADC04D6-9E8E-4CF4-899D-940ADCB23FA0}.Debug|Any CPU.ActiveCfg = Debug|Any CPU
		{4ADC04D6-9E8E-4CF4-899D-940ADCB23FA0}.Debug|Any CPU.Build.0 = Debug|Any CPU
		{4ADC04D6-9E8E-4CF4-899D-940ADCB23FA0}.Debug|x64.ActiveCfg = Debug|Any CPU
		{4ADC04D6-9E8E-4CF4-899D-940ADCB23FA0}.Debug|x64.Build.0 = Debug|Any CPU
		{4ADC04D6-9E8E-4CF4-899D-940ADCB23FA0}.Debug|x86.ActiveCfg = Debug|Any CPU
		{4ADC04D6-9E8E-4CF4-899D-940ADCB23FA0}.Debug|x86.Build.0 = Debug|Any CPU
		{4ADC04D6-9E8E-4CF4-899D-940ADCB23FA0}.Release|Any CPU.ActiveCfg = Release|Any CPU
		{4ADC04D6-9E8E-4CF4-899D-940ADCB23FA0}.Release|Any CPU.Build.0 = Release|Any CPU
		{4ADC04D6-9E8E-4CF4-899D-940ADCB23FA0}.Release|x64.ActiveCfg = Release|Any CPU
		{4ADC04D6-9E8E-4CF4-899D-940ADCB23FA0}.Release|x64.Build.0 = Release|Any CPU
		{4ADC04D6-9E8E-4CF4-899D-940ADCB23FA0}.Release|x86.ActiveCfg = Release|Any CPU
		{4ADC04D6-9E8E-4CF4-899D-940ADCB23FA0}.Release|x86.Build.0 = Release|Any CPU
		{EB67378C-D874-4262-97C6-515D07E81BE0}.Debug|Any CPU.ActiveCfg = Debug|Any CPU
		{EB67378C-D874-4262-97C6-515D07E81BE0}.Debug|Any CPU.Build.0 = Debug|Any CPU
		{EB67378C-D874-4262-97C6-515D07E81BE0}.Debug|x64.ActiveCfg = Debug|Any CPU
		{EB67378C-D874-4262-97C6-515D07E81BE0}.Debug|x64.Build.0 = Debug|Any CPU
		{EB67378C-D874-4262-97C6-515D07E81BE0}.Debug|x86.ActiveCfg = Debug|Any CPU
		{EB67378C-D874-4262-97C6-515D07E81BE0}.Debug|x86.Build.0 = Debug|Any CPU
		{EB67378C-D874-4262-97C6-515D07E81BE0}.Release|Any CPU.ActiveCfg = Release|Any CPU
		{EB67378C-D874-4262-97C6-515D07E81BE0}.Release|Any CPU.Build.0 = Release|Any CPU
		{EB67378C-D874-4262-97C6-515D07E81BE0}.Release|x64.ActiveCfg = Release|Any CPU
		{EB67378C-D874-4262-97C6-515D07E81BE0}.Release|x64.Build.0 = Release|Any CPU
		{EB67378C-D874-4262-97C6-515D07E81BE0}.Release|x86.ActiveCfg = Release|Any CPU
		{EB67378C-D874-4262-97C6-515D07E81BE0}.Release|x86.Build.0 = Release|Any CPU
	EndGlobalSection
	GlobalSection(NestedProjects) = preSolution
		{4ADC04D6-9E8E-4CF4-899D-940ADCB23FA0} = {7A8153DE-819D-4D99-A391-85B80061D64A}
		{EB67378C-D874-4262-97C6-515D07E81BE0} = {7A8153DE-819D-4D99-A391-85B80061D64A}
	EndGlobalSection
EndGlobal
